// !$*UTF8*$!
{
	archiveVersion = 1;
	classes = {
	};
	objectVersion = 46;
	objects = {

/* Begin PBXBuildFile section */
		4E891A318765E9D3F53E227C /* Pods_MovieDBTests.framework in Frameworks */ = {isa = PBXBuildFile; fileRef = A95183A01F0D0CC679E1E9E8 /* Pods_MovieDBTests.framework */; };
		93BD72C48ACEE793DA7086E3 /* Pods_MovieDB.framework in Frameworks */ = {isa = PBXBuildFile; fileRef = F25B90B266F837D3AA2A15EE /* Pods_MovieDB.framework */; };
		AD1E765D146FE2082338DD29 /* Pods_MovieDBUITests.framework in Frameworks */ = {isa = PBXBuildFile; fileRef = 3DD84E715733E7478B3219D5 /* Pods_MovieDBUITests.framework */; };
		CA0650741F1A8F1700AD4CE3 /* MovieDetailCell.swift in Sources */ = {isa = PBXBuildFile; fileRef = CA0650731F1A8F1700AD4CE3 /* MovieDetailCell.swift */; };
		CA1D249E1F0D9E0D00E69F96 /* MovieDBManager.swift in Sources */ = {isa = PBXBuildFile; fileRef = CA1D249D1F0D9E0D00E69F96 /* MovieDBManager.swift */; };
		CA1D24A11F0D9F3D00E69F96 /* Constants.swift in Sources */ = {isa = PBXBuildFile; fileRef = CA1D24A01F0D9F3D00E69F96 /* Constants.swift */; };
		CA5508F91F103C6C004AEAB0 /* FloatingActionButton.swift in Sources */ = {isa = PBXBuildFile; fileRef = CA5508F81F103C6C004AEAB0 /* FloatingActionButton.swift */; };
		CA6190121F0442C700805A59 /* AppDelegate.swift in Sources */ = {isa = PBXBuildFile; fileRef = CA6190111F0442C700805A59 /* AppDelegate.swift */; };
		CA6190141F0442C700805A59 /* ViewController.swift in Sources */ = {isa = PBXBuildFile; fileRef = CA6190131F0442C700805A59 /* ViewController.swift */; };
		CA6190171F0442C700805A59 /* Main.storyboard in Resources */ = {isa = PBXBuildFile; fileRef = CA6190151F0442C700805A59 /* Main.storyboard */; };
		CA6190191F0442C700805A59 /* Assets.xcassets in Resources */ = {isa = PBXBuildFile; fileRef = CA6190181F0442C700805A59 /* Assets.xcassets */; };
		CA61901C1F0442C700805A59 /* LaunchScreen.storyboard in Resources */ = {isa = PBXBuildFile; fileRef = CA61901A1F0442C700805A59 /* LaunchScreen.storyboard */; };
		CA6190271F0442C700805A59 /* MovieDBTests.swift in Sources */ = {isa = PBXBuildFile; fileRef = CA6190261F0442C700805A59 /* MovieDBTests.swift */; };
		CA6190321F0442C700805A59 /* MovieDBUITests.swift in Sources */ = {isa = PBXBuildFile; fileRef = CA6190311F0442C700805A59 /* MovieDBUITests.swift */; };
		CAC3C2A41F146B8400584C8C /* SlideFromRight.swift in Sources */ = {isa = PBXBuildFile; fileRef = CAC3C2A31F146B8400584C8C /* SlideFromRight.swift */; };
		CAE9180F1F1040D5005A8071 /* UIButtonX.swift in Sources */ = {isa = PBXBuildFile; fileRef = CAE9180E1F1040D5005A8071 /* UIButtonX.swift */; };
		CAE918111F10466C005A8071 /* UIViewX.swift in Sources */ = {isa = PBXBuildFile; fileRef = CAE918101F10466C005A8071 /* UIViewX.swift */; };
		CAE918131F1052B2005A8071 /* Credit.swift in Sources */ = {isa = PBXBuildFile; fileRef = CAE918121F1052B2005A8071 /* Credit.swift */; };
		CAF054FB1F15872C000BB584 /* MovieDetailVC.swift in Sources */ = {isa = PBXBuildFile; fileRef = CAF054FA1F15872C000BB584 /* MovieDetailVC.swift */; };
		CAF054FD1F165E52000BB584 /* UnderlineSegmentedControl.swift in Sources */ = {isa = PBXBuildFile; fileRef = CAF054FC1F165E52000BB584 /* UnderlineSegmentedControl.swift */; };
		CAF055011F169210000BB584 /* ActorDBManager.swift in Sources */ = {isa = PBXBuildFile; fileRef = CAF055001F169210000BB584 /* ActorDBManager.swift */; };
		CAF66B2E1F13EE0B00A37B26 /* MovieCell.swift in Sources */ = {isa = PBXBuildFile; fileRef = CAF66B2D1F13EE0B00A37B26 /* MovieCell.swift */; };
		CAF66B301F14089600A37B26 /* UIImageViewX.swift in Sources */ = {isa = PBXBuildFile; fileRef = CAF66B2F1F14089600A37B26 /* UIImageViewX.swift */; };
		CAF66B321F1427A000A37B26 /* Genre.swift in Sources */ = {isa = PBXBuildFile; fileRef = CAF66B311F1427A000A37B26 /* Genre.swift */; };
		CAF66B341F1427AA00A37B26 /* Actor.swift in Sources */ = {isa = PBXBuildFile; fileRef = CAF66B331F1427AA00A37B26 /* Actor.swift */; };
		CAF926E71F184CE7008EC410 /* Review.swift in Sources */ = {isa = PBXBuildFile; fileRef = CAF926E61F184CE7008EC410 /* Review.swift */; };
		CAF926E91F185C87008EC410 /* Cast.swift in Sources */ = {isa = PBXBuildFile; fileRef = CAF926E81F185C87008EC410 /* Cast.swift */; };
		CAFB15551F111F6000332131 /* Movie.swift in Sources */ = {isa = PBXBuildFile; fileRef = CAFB15541F111F6000332131 /* Movie.swift */; };
		CAFB15581F114D5400332131 /* RoundImageWithShadow.swift in Sources */ = {isa = PBXBuildFile; fileRef = CAFB15571F114D5400332131 /* RoundImageWithShadow.swift */; };
/* End PBXBuildFile section */

/* Begin PBXContainerItemProxy section */
		CA6190231F0442C700805A59 /* PBXContainerItemProxy */ = {
			isa = PBXContainerItemProxy;
			containerPortal = CA6190061F0442C700805A59 /* Project object */;
			proxyType = 1;
			remoteGlobalIDString = CA61900D1F0442C700805A59;
			remoteInfo = MovieDB;
		};
		CA61902E1F0442C700805A59 /* PBXContainerItemProxy */ = {
			isa = PBXContainerItemProxy;
			containerPortal = CA6190061F0442C700805A59 /* Project object */;
			proxyType = 1;
			remoteGlobalIDString = CA61900D1F0442C700805A59;
			remoteInfo = MovieDB;
		};
/* End PBXContainerItemProxy section */

/* Begin PBXFileReference section */
		1BC8FBB3D317C0212BE095B0 /* Pods-MovieDB.debug.xcconfig */ = {isa = PBXFileReference; includeInIndex = 1; lastKnownFileType = text.xcconfig; name = "Pods-MovieDB.debug.xcconfig"; path = "Pods/Target Support Files/Pods-MovieDB/Pods-MovieDB.debug.xcconfig"; sourceTree = "<group>"; };
		352EC3D7DC4A9CA3A7378209 /* Pods-MovieDBTests.debug.xcconfig */ = {isa = PBXFileReference; includeInIndex = 1; lastKnownFileType = text.xcconfig; name = "Pods-MovieDBTests.debug.xcconfig"; path = "Pods/Target Support Files/Pods-MovieDBTests/Pods-MovieDBTests.debug.xcconfig"; sourceTree = "<group>"; };
		3DD84E715733E7478B3219D5 /* Pods_MovieDBUITests.framework */ = {isa = PBXFileReference; explicitFileType = wrapper.framework; includeInIndex = 0; path = Pods_MovieDBUITests.framework; sourceTree = BUILT_PRODUCTS_DIR; };
		72D13C91EF6016D974699005 /* Pods-MovieDB.release.xcconfig */ = {isa = PBXFileReference; includeInIndex = 1; lastKnownFileType = text.xcconfig; name = "Pods-MovieDB.release.xcconfig"; path = "Pods/Target Support Files/Pods-MovieDB/Pods-MovieDB.release.xcconfig"; sourceTree = "<group>"; };
		8C3C79185D4CB9D09263797F /* Pods-MovieDBUITests.release.xcconfig */ = {isa = PBXFileReference; includeInIndex = 1; lastKnownFileType = text.xcconfig; name = "Pods-MovieDBUITests.release.xcconfig"; path = "Pods/Target Support Files/Pods-MovieDBUITests/Pods-MovieDBUITests.release.xcconfig"; sourceTree = "<group>"; };
		A95183A01F0D0CC679E1E9E8 /* Pods_MovieDBTests.framework */ = {isa = PBXFileReference; explicitFileType = wrapper.framework; includeInIndex = 0; path = Pods_MovieDBTests.framework; sourceTree = BUILT_PRODUCTS_DIR; };
		BB02F3636E743F3ADD28498E /* Pods-MovieDBTests.release.xcconfig */ = {isa = PBXFileReference; includeInIndex = 1; lastKnownFileType = text.xcconfig; name = "Pods-MovieDBTests.release.xcconfig"; path = "Pods/Target Support Files/Pods-MovieDBTests/Pods-MovieDBTests.release.xcconfig"; sourceTree = "<group>"; };
		CA0650731F1A8F1700AD4CE3 /* MovieDetailCell.swift */ = {isa = PBXFileReference; fileEncoding = 4; lastKnownFileType = sourcecode.swift; path = MovieDetailCell.swift; sourceTree = "<group>"; };
		CA1D249D1F0D9E0D00E69F96 /* MovieDBManager.swift */ = {isa = PBXFileReference; fileEncoding = 4; lastKnownFileType = sourcecode.swift; path = MovieDBManager.swift; sourceTree = "<group>"; };
		CA1D24A01F0D9F3D00E69F96 /* Constants.swift */ = {isa = PBXFileReference; fileEncoding = 4; lastKnownFileType = sourcecode.swift; path = Constants.swift; sourceTree = "<group>"; };
		CA5508F81F103C6C004AEAB0 /* FloatingActionButton.swift */ = {isa = PBXFileReference; fileEncoding = 4; lastKnownFileType = sourcecode.swift; path = FloatingActionButton.swift; sourceTree = "<group>"; };
		CA61900E1F0442C700805A59 /* MovieDB.app */ = {isa = PBXFileReference; explicitFileType = wrapper.application; includeInIndex = 0; path = MovieDB.app; sourceTree = BUILT_PRODUCTS_DIR; };
		CA6190111F0442C700805A59 /* AppDelegate.swift */ = {isa = PBXFileReference; lastKnownFileType = sourcecode.swift; path = AppDelegate.swift; sourceTree = "<group>"; };
		CA6190131F0442C700805A59 /* ViewController.swift */ = {isa = PBXFileReference; lastKnownFileType = sourcecode.swift; path = ViewController.swift; sourceTree = "<group>"; };
		CA6190161F0442C700805A59 /* Base */ = {isa = PBXFileReference; lastKnownFileType = file.storyboard; name = Base; path = Base.lproj/Main.storyboard; sourceTree = "<group>"; };
		CA6190181F0442C700805A59 /* Assets.xcassets */ = {isa = PBXFileReference; lastKnownFileType = folder.assetcatalog; path = Assets.xcassets; sourceTree = "<group>"; };
		CA61901B1F0442C700805A59 /* Base */ = {isa = PBXFileReference; lastKnownFileType = file.storyboard; name = Base; path = Base.lproj/LaunchScreen.storyboard; sourceTree = "<group>"; };
		CA61901D1F0442C700805A59 /* info.plist */ = {isa = PBXFileReference; lastKnownFileType = text.plist.xml; path = info.plist; sourceTree = "<group>"; };
		CA6190221F0442C700805A59 /* MovieDBTests.xctest */ = {isa = PBXFileReference; explicitFileType = wrapper.cfbundle; includeInIndex = 0; path = MovieDBTests.xctest; sourceTree = BUILT_PRODUCTS_DIR; };
		CA6190261F0442C700805A59 /* MovieDBTests.swift */ = {isa = PBXFileReference; lastKnownFileType = sourcecode.swift; path = MovieDBTests.swift; sourceTree = "<group>"; };
		CA6190281F0442C700805A59 /* Info.plist */ = {isa = PBXFileReference; lastKnownFileType = text.plist.xml; path = Info.plist; sourceTree = "<group>"; };
		CA61902D1F0442C700805A59 /* MovieDBUITests.xctest */ = {isa = PBXFileReference; explicitFileType = wrapper.cfbundle; includeInIndex = 0; path = MovieDBUITests.xctest; sourceTree = BUILT_PRODUCTS_DIR; };
		CA6190311F0442C700805A59 /* MovieDBUITests.swift */ = {isa = PBXFileReference; lastKnownFileType = sourcecode.swift; path = MovieDBUITests.swift; sourceTree = "<group>"; };
		CA6190331F0442C700805A59 /* Info.plist */ = {isa = PBXFileReference; lastKnownFileType = text.plist.xml; path = Info.plist; sourceTree = "<group>"; };
		CAC3C2A31F146B8400584C8C /* SlideFromRight.swift */ = {isa = PBXFileReference; fileEncoding = 4; lastKnownFileType = sourcecode.swift; path = SlideFromRight.swift; sourceTree = "<group>"; };
		CAE9180E1F1040D5005A8071 /* UIButtonX.swift */ = {isa = PBXFileReference; fileEncoding = 4; lastKnownFileType = sourcecode.swift; path = UIButtonX.swift; sourceTree = "<group>"; };
		CAE918101F10466C005A8071 /* UIViewX.swift */ = {isa = PBXFileReference; fileEncoding = 4; lastKnownFileType = sourcecode.swift; path = UIViewX.swift; sourceTree = "<group>"; };
		CAE918121F1052B2005A8071 /* Credit.swift */ = {isa = PBXFileReference; fileEncoding = 4; lastKnownFileType = sourcecode.swift; path = Credit.swift; sourceTree = "<group>"; };
		CAF054FA1F15872C000BB584 /* MovieDetailVC.swift */ = {isa = PBXFileReference; fileEncoding = 4; lastKnownFileType = sourcecode.swift; path = MovieDetailVC.swift; sourceTree = "<group>"; };
		CAF054FC1F165E52000BB584 /* UnderlineSegmentedControl.swift */ = {isa = PBXFileReference; fileEncoding = 4; lastKnownFileType = sourcecode.swift; path = UnderlineSegmentedControl.swift; sourceTree = "<group>"; };
		CAF055001F169210000BB584 /* ActorDBManager.swift */ = {isa = PBXFileReference; fileEncoding = 4; lastKnownFileType = sourcecode.swift; path = ActorDBManager.swift; sourceTree = "<group>"; };
		CAF66B2D1F13EE0B00A37B26 /* MovieCell.swift */ = {isa = PBXFileReference; fileEncoding = 4; lastKnownFileType = sourcecode.swift; path = MovieCell.swift; sourceTree = "<group>"; };
		CAF66B2F1F14089600A37B26 /* UIImageViewX.swift */ = {isa = PBXFileReference; fileEncoding = 4; lastKnownFileType = sourcecode.swift; path = UIImageViewX.swift; sourceTree = "<group>"; };
		CAF66B311F1427A000A37B26 /* Genre.swift */ = {isa = PBXFileReference; fileEncoding = 4; lastKnownFileType = sourcecode.swift; path = Genre.swift; sourceTree = "<group>"; };
		CAF66B331F1427AA00A37B26 /* Actor.swift */ = {isa = PBXFileReference; fileEncoding = 4; lastKnownFileType = sourcecode.swift; path = Actor.swift; sourceTree = "<group>"; };
		CAF926E61F184CE7008EC410 /* Review.swift */ = {isa = PBXFileReference; fileEncoding = 4; lastKnownFileType = sourcecode.swift; path = Review.swift; sourceTree = "<group>"; };
		CAF926E81F185C87008EC410 /* Cast.swift */ = {isa = PBXFileReference; fileEncoding = 4; lastKnownFileType = sourcecode.swift; path = Cast.swift; sourceTree = "<group>"; };
		CAFB15541F111F6000332131 /* Movie.swift */ = {isa = PBXFileReference; fileEncoding = 4; lastKnownFileType = sourcecode.swift; path = Movie.swift; sourceTree = "<group>"; };
		CAFB15571F114D5400332131 /* RoundImageWithShadow.swift */ = {isa = PBXFileReference; fileEncoding = 4; lastKnownFileType = sourcecode.swift; path = RoundImageWithShadow.swift; sourceTree = "<group>"; };
		F25B90B266F837D3AA2A15EE /* Pods_MovieDB.framework */ = {isa = PBXFileReference; explicitFileType = wrapper.framework; includeInIndex = 0; path = Pods_MovieDB.framework; sourceTree = BUILT_PRODUCTS_DIR; };
		FD2326051A0E53BA8BAC769E /* Pods-MovieDBUITests.debug.xcconfig */ = {isa = PBXFileReference; includeInIndex = 1; lastKnownFileType = text.xcconfig; name = "Pods-MovieDBUITests.debug.xcconfig"; path = "Pods/Target Support Files/Pods-MovieDBUITests/Pods-MovieDBUITests.debug.xcconfig"; sourceTree = "<group>"; };
/* End PBXFileReference section */

/* Begin PBXFrameworksBuildPhase section */
		CA61900B1F0442C700805A59 /* Frameworks */ = {
			isa = PBXFrameworksBuildPhase;
			buildActionMask = 2147483647;
			files = (
				93BD72C48ACEE793DA7086E3 /* Pods_MovieDB.framework in Frameworks */,
			);
			runOnlyForDeploymentPostprocessing = 0;
		};
		CA61901F1F0442C700805A59 /* Frameworks */ = {
			isa = PBXFrameworksBuildPhase;
			buildActionMask = 2147483647;
			files = (
				4E891A318765E9D3F53E227C /* Pods_MovieDBTests.framework in Frameworks */,
			);
			runOnlyForDeploymentPostprocessing = 0;
		};
		CA61902A1F0442C700805A59 /* Frameworks */ = {
			isa = PBXFrameworksBuildPhase;
			buildActionMask = 2147483647;
			files = (
				AD1E765D146FE2082338DD29 /* Pods_MovieDBUITests.framework in Frameworks */,
			);
			runOnlyForDeploymentPostprocessing = 0;
		};
/* End PBXFrameworksBuildPhase section */

/* Begin PBXGroup section */
		0DCB7308A2AE8A76BB77EE4D /* Pods */ = {
			isa = PBXGroup;
			children = (
				1BC8FBB3D317C0212BE095B0 /* Pods-MovieDB.debug.xcconfig */,
				72D13C91EF6016D974699005 /* Pods-MovieDB.release.xcconfig */,
				352EC3D7DC4A9CA3A7378209 /* Pods-MovieDBTests.debug.xcconfig */,
				BB02F3636E743F3ADD28498E /* Pods-MovieDBTests.release.xcconfig */,
				FD2326051A0E53BA8BAC769E /* Pods-MovieDBUITests.debug.xcconfig */,
				8C3C79185D4CB9D09263797F /* Pods-MovieDBUITests.release.xcconfig */,
			);
			name = Pods;
			sourceTree = "<group>";
		};
		12E58D36F087BB8AD569941E /* Frameworks */ = {
			isa = PBXGroup;
			children = (
				F25B90B266F837D3AA2A15EE /* Pods_MovieDB.framework */,
				A95183A01F0D0CC679E1E9E8 /* Pods_MovieDBTests.framework */,
				3DD84E715733E7478B3219D5 /* Pods_MovieDBUITests.framework */,
			);
			name = Frameworks;
			sourceTree = "<group>";
		};
		CA1D249C1F0D9DFD00E69F96 /* Model */ = {
			isa = PBXGroup;
			children = (
				CAFB15541F111F6000332131 /* Movie.swift */,
				CAF66B311F1427A000A37B26 /* Genre.swift */,
				CAF66B331F1427AA00A37B26 /* Actor.swift */,
				CAF926E61F184CE7008EC410 /* Review.swift */,
				CAF926E81F185C87008EC410 /* Cast.swift */,
			);
			name = Model;
			sourceTree = "<group>";
		};
		CA1D249F1F0D9F3400E69F96 /* Util */ = {
			isa = PBXGroup;
			children = (
				CA1D249D1F0D9E0D00E69F96 /* MovieDBManager.swift */,
				CAF055001F169210000BB584 /* ActorDBManager.swift */,
				CA1D24A01F0D9F3D00E69F96 /* Constants.swift */,
				CAE918121F1052B2005A8071 /* Credit.swift */,
				CAC3C2A31F146B8400584C8C /* SlideFromRight.swift */,
			);
			name = Util;
			sourceTree = "<group>";
		};
		CA6190051F0442C700805A59 = {
			isa = PBXGroup;
			children = (
				CA6190101F0442C700805A59 /* MovieDB */,
				CA6190251F0442C700805A59 /* MovieDBTests */,
				CA6190301F0442C700805A59 /* MovieDBUITests */,
				CA61900F1F0442C700805A59 /* Products */,
				0DCB7308A2AE8A76BB77EE4D /* Pods */,
				12E58D36F087BB8AD569941E /* Frameworks */,
			);
			sourceTree = "<group>";
		};
		CA61900F1F0442C700805A59 /* Products */ = {
			isa = PBXGroup;
			children = (
				CA61900E1F0442C700805A59 /* MovieDB.app */,
				CA6190221F0442C700805A59 /* MovieDBTests.xctest */,
				CA61902D1F0442C700805A59 /* MovieDBUITests.xctest */,
			);
			name = Products;
			sourceTree = "<group>";
		};
		CA6190101F0442C700805A59 /* MovieDB */ = {
			isa = PBXGroup;
			children = (
				CAFB15561F111F8800332131 /* Designables */,
				CA1D249C1F0D9DFD00E69F96 /* Model */,
				CAA278981F10301C0078C0B1 /* View */,
				CAA278991F1030280078C0B1 /* Controller */,
				CA1D249F1F0D9F3400E69F96 /* Util */,
				CA6190181F0442C700805A59 /* Assets.xcassets */,
				CA61901A1F0442C700805A59 /* LaunchScreen.storyboard */,
				CA61901D1F0442C700805A59 /* info.plist */,
			);
			path = MovieDB;
			sourceTree = "<group>";
		};
		CA6190251F0442C700805A59 /* MovieDBTests */ = {
			isa = PBXGroup;
			children = (
				CA6190261F0442C700805A59 /* MovieDBTests.swift */,
				CA6190281F0442C700805A59 /* Info.plist */,
			);
			path = MovieDBTests;
			sourceTree = "<group>";
		};
		CA6190301F0442C700805A59 /* MovieDBUITests */ = {
			isa = PBXGroup;
			children = (
				CA6190311F0442C700805A59 /* MovieDBUITests.swift */,
				CA6190331F0442C700805A59 /* Info.plist */,
			);
			path = MovieDBUITests;
			sourceTree = "<group>";
		};
		CAA278981F10301C0078C0B1 /* View */ = {
			isa = PBXGroup;
			children = (
				CA6190151F0442C700805A59 /* Main.storyboard */,
				CAF66B2D1F13EE0B00A37B26 /* MovieCell.swift */,
				CA0650731F1A8F1700AD4CE3 /* MovieDetailCell.swift */,
				CAFB15571F114D5400332131 /* RoundImageWithShadow.swift */,
				CAF054FC1F165E52000BB584 /* UnderlineSegmentedControl.swift */,
			);
			name = View;
			sourceTree = "<group>";
		};
		CAA278991F1030280078C0B1 /* Controller */ = {
			isa = PBXGroup;
			children = (
				CA6190131F0442C700805A59 /* ViewController.swift */,
				CAF054FA1F15872C000BB584 /* MovieDetailVC.swift */,
				CA6190111F0442C700805A59 /* AppDelegate.swift */,
			);
			name = Controller;
			sourceTree = "<group>";
		};
		CAFB15561F111F8800332131 /* Designables */ = {
			isa = PBXGroup;
			children = (
				CA5508F81F103C6C004AEAB0 /* FloatingActionButton.swift */,
				CAE9180E1F1040D5005A8071 /* UIButtonX.swift */,
				CAF66B2F1F14089600A37B26 /* UIImageViewX.swift */,
				CAE918101F10466C005A8071 /* UIViewX.swift */,
			);
			name = Designables;
			sourceTree = "<group>";
		};
/* End PBXGroup section */

/* Begin PBXNativeTarget section */
		CA61900D1F0442C700805A59 /* MovieDB */ = {
			isa = PBXNativeTarget;
			buildConfigurationList = CA6190361F0442C700805A59 /* Build configuration list for PBXNativeTarget "MovieDB" */;
			buildPhases = (
				678EA065971761DA663C1D4E /* [CP] Check Pods Manifest.lock */,
				CA61900A1F0442C700805A59 /* Sources */,
				CA61900B1F0442C700805A59 /* Frameworks */,
				CA61900C1F0442C700805A59 /* Resources */,
				FC7DA9ABFF47D303E3476599 /* [CP] Embed Pods Frameworks */,
				E5E465F122BBEADC40C7E0BE /* [CP] Copy Pods Resources */,
			);
			buildRules = (
			);
			dependencies = (
			);
			name = MovieDB;
			productName = MovieDB;
			productReference = CA61900E1F0442C700805A59 /* MovieDB.app */;
			productType = "com.apple.product-type.application";
		};
		CA6190211F0442C700805A59 /* MovieDBTests */ = {
			isa = PBXNativeTarget;
			buildConfigurationList = CA6190391F0442C700805A59 /* Build configuration list for PBXNativeTarget "MovieDBTests" */;
			buildPhases = (
				5A09FDD363E03652B6172845 /* [CP] Check Pods Manifest.lock */,
				CA61901E1F0442C700805A59 /* Sources */,
				CA61901F1F0442C700805A59 /* Frameworks */,
				CA6190201F0442C700805A59 /* Resources */,
				A1E8E57E793EAB5B638D52E2 /* [CP] Embed Pods Frameworks */,
				55DD43F52B87217CCEC75E1B /* [CP] Copy Pods Resources */,
			);
			buildRules = (
			);
			dependencies = (
				CA6190241F0442C700805A59 /* PBXTargetDependency */,
			);
			name = MovieDBTests;
			productName = MovieDBTests;
			productReference = CA6190221F0442C700805A59 /* MovieDBTests.xctest */;
			productType = "com.apple.product-type.bundle.unit-test";
		};
		CA61902C1F0442C700805A59 /* MovieDBUITests */ = {
			isa = PBXNativeTarget;
			buildConfigurationList = CA61903C1F0442C700805A59 /* Build configuration list for PBXNativeTarget "MovieDBUITests" */;
			buildPhases = (
				7781E4FA942B8D3EC20A924D /* [CP] Check Pods Manifest.lock */,
				CA6190291F0442C700805A59 /* Sources */,
				CA61902A1F0442C700805A59 /* Frameworks */,
				CA61902B1F0442C700805A59 /* Resources */,
				BA69E8D135A202FBB02761A0 /* [CP] Embed Pods Frameworks */,
				EE45B2211EA7EC1BD68F5FFE /* [CP] Copy Pods Resources */,
			);
			buildRules = (
			);
			dependencies = (
				CA61902F1F0442C700805A59 /* PBXTargetDependency */,
			);
			name = MovieDBUITests;
			productName = MovieDBUITests;
			productReference = CA61902D1F0442C700805A59 /* MovieDBUITests.xctest */;
			productType = "com.apple.product-type.bundle.ui-testing";
		};
/* End PBXNativeTarget section */

/* Begin PBXProject section */
		CA6190061F0442C700805A59 /* Project object */ = {
			isa = PBXProject;
			attributes = {
				LastSwiftUpdateCheck = 0830;
				LastUpgradeCheck = 0830;
				ORGANIZATIONNAME = "Brandon Baars";
				TargetAttributes = {
					CA61900D1F0442C700805A59 = {
						CreatedOnToolsVersion = 8.3.3;
						DevelopmentTeam = 4TWWRT697R;
						ProvisioningStyle = Automatic;
					};
					CA6190211F0442C700805A59 = {
						CreatedOnToolsVersion = 8.3.3;
						DevelopmentTeam = 4TWWRT697R;
						ProvisioningStyle = Automatic;
						TestTargetID = CA61900D1F0442C700805A59;
					};
					CA61902C1F0442C700805A59 = {
						CreatedOnToolsVersion = 8.3.3;
						DevelopmentTeam = 4TWWRT697R;
						ProvisioningStyle = Automatic;
						TestTargetID = CA61900D1F0442C700805A59;
					};
				};
			};
			buildConfigurationList = CA6190091F0442C700805A59 /* Build configuration list for PBXProject "MovieDB" */;
			compatibilityVersion = "Xcode 3.2";
			developmentRegion = English;
			hasScannedForEncodings = 0;
			knownRegions = (
				en,
				Base,
			);
			mainGroup = CA6190051F0442C700805A59;
			productRefGroup = CA61900F1F0442C700805A59 /* Products */;
			projectDirPath = "";
			projectRoot = "";
			targets = (
				CA61900D1F0442C700805A59 /* MovieDB */,
				CA6190211F0442C700805A59 /* MovieDBTests */,
				CA61902C1F0442C700805A59 /* MovieDBUITests */,
			);
		};
/* End PBXProject section */

/* Begin PBXResourcesBuildPhase section */
		CA61900C1F0442C700805A59 /* Resources */ = {
			isa = PBXResourcesBuildPhase;
			buildActionMask = 2147483647;
			files = (
				CA61901C1F0442C700805A59 /* LaunchScreen.storyboard in Resources */,
				CA6190191F0442C700805A59 /* Assets.xcassets in Resources */,
				CA6190171F0442C700805A59 /* Main.storyboard in Resources */,
			);
			runOnlyForDeploymentPostprocessing = 0;
		};
		CA6190201F0442C700805A59 /* Resources */ = {
			isa = PBXResourcesBuildPhase;
			buildActionMask = 2147483647;
			files = (
			);
			runOnlyForDeploymentPostprocessing = 0;
		};
		CA61902B1F0442C700805A59 /* Resources */ = {
			isa = PBXResourcesBuildPhase;
			buildActionMask = 2147483647;
			files = (
			);
			runOnlyForDeploymentPostprocessing = 0;
		};
/* End PBXResourcesBuildPhase section */

/* Begin PBXShellScriptBuildPhase section */
		55DD43F52B87217CCEC75E1B /* [CP] Copy Pods Resources */ = {
			isa = PBXShellScriptBuildPhase;
			buildActionMask = 2147483647;
			files = (
			);
			inputPaths = (
			);
			name = "[CP] Copy Pods Resources";
			outputPaths = (
			);
			runOnlyForDeploymentPostprocessing = 0;
			shellPath = /bin/sh;
			shellScript = "\"${SRCROOT}/Pods/Target Support Files/Pods-MovieDBTests/Pods-MovieDBTests-resources.sh\"\n";
			showEnvVarsInLog = 0;
		};
		5A09FDD363E03652B6172845 /* [CP] Check Pods Manifest.lock */ = {
			isa = PBXShellScriptBuildPhase;
			buildActionMask = 2147483647;
			files = (
			);
			inputPaths = (
			);
			name = "[CP] Check Pods Manifest.lock";
			outputPaths = (
			);
			runOnlyForDeploymentPostprocessing = 0;
			shellPath = /bin/sh;
			shellScript = "diff \"${PODS_PODFILE_DIR_PATH}/Podfile.lock\" \"${PODS_ROOT}/Manifest.lock\" > /dev/null\nif [ $? != 0 ] ; then\n    # print error to STDERR\n    echo \"error: The sandbox is not in sync with the Podfile.lock. Run 'pod install' or update your CocoaPods installation.\" >&2\n    exit 1\nfi\n";
			showEnvVarsInLog = 0;
		};
		678EA065971761DA663C1D4E /* [CP] Check Pods Manifest.lock */ = {
			isa = PBXShellScriptBuildPhase;
			buildActionMask = 2147483647;
			files = (
			);
			inputPaths = (
			);
			name = "[CP] Check Pods Manifest.lock";
			outputPaths = (
			);
			runOnlyForDeploymentPostprocessing = 0;
			shellPath = /bin/sh;
			shellScript = "diff \"${PODS_PODFILE_DIR_PATH}/Podfile.lock\" \"${PODS_ROOT}/Manifest.lock\" > /dev/null\nif [ $? != 0 ] ; then\n    # print error to STDERR\n    echo \"error: The sandbox is not in sync with the Podfile.lock. Run 'pod install' or update your CocoaPods installation.\" >&2\n    exit 1\nfi\n";
			showEnvVarsInLog = 0;
		};
		7781E4FA942B8D3EC20A924D /* [CP] Check Pods Manifest.lock */ = {
			isa = PBXShellScriptBuildPhase;
			buildActionMask = 2147483647;
			files = (
			);
			inputPaths = (
			);
			name = "[CP] Check Pods Manifest.lock";
			outputPaths = (
			);
			runOnlyForDeploymentPostprocessing = 0;
			shellPath = /bin/sh;
			shellScript = "diff \"${PODS_PODFILE_DIR_PATH}/Podfile.lock\" \"${PODS_ROOT}/Manifest.lock\" > /dev/null\nif [ $? != 0 ] ; then\n    # print error to STDERR\n    echo \"error: The sandbox is not in sync with the Podfile.lock. Run 'pod install' or update your CocoaPods installation.\" >&2\n    exit 1\nfi\n";
			showEnvVarsInLog = 0;
		};
		A1E8E57E793EAB5B638D52E2 /* [CP] Embed Pods Frameworks */ = {
			isa = PBXShellScriptBuildPhase;
			buildActionMask = 2147483647;
			files = (
			);
			inputPaths = (
			);
			name = "[CP] Embed Pods Frameworks";
			outputPaths = (
			);
			runOnlyForDeploymentPostprocessing = 0;
			shellPath = /bin/sh;
			shellScript = "\"${SRCROOT}/Pods/Target Support Files/Pods-MovieDBTests/Pods-MovieDBTests-frameworks.sh\"\n";
			showEnvVarsInLog = 0;
		};
		BA69E8D135A202FBB02761A0 /* [CP] Embed Pods Frameworks */ = {
			isa = PBXShellScriptBuildPhase;
			buildActionMask = 2147483647;
			files = (
			);
			inputPaths = (
			);
			name = "[CP] Embed Pods Frameworks";
			outputPaths = (
			);
			runOnlyForDeploymentPostprocessing = 0;
			shellPath = /bin/sh;
			shellScript = "\"${SRCROOT}/Pods/Target Support Files/Pods-MovieDBUITests/Pods-MovieDBUITests-frameworks.sh\"\n";
			showEnvVarsInLog = 0;
		};
		E5E465F122BBEADC40C7E0BE /* [CP] Copy Pods Resources */ = {
			isa = PBXShellScriptBuildPhase;
			buildActionMask = 2147483647;
			files = (
			);
			inputPaths = (
			);
			name = "[CP] Copy Pods Resources";
			outputPaths = (
			);
			runOnlyForDeploymentPostprocessing = 0;
			shellPath = /bin/sh;
			shellScript = "\"${SRCROOT}/Pods/Target Support Files/Pods-MovieDB/Pods-MovieDB-resources.sh\"\n";
			showEnvVarsInLog = 0;
		};
		EE45B2211EA7EC1BD68F5FFE /* [CP] Copy Pods Resources */ = {
			isa = PBXShellScriptBuildPhase;
			buildActionMask = 2147483647;
			files = (
			);
			inputPaths = (
			);
			name = "[CP] Copy Pods Resources";
			outputPaths = (
			);
			runOnlyForDeploymentPostprocessing = 0;
			shellPath = /bin/sh;
			shellScript = "\"${SRCROOT}/Pods/Target Support Files/Pods-MovieDBUITests/Pods-MovieDBUITests-resources.sh\"\n";
			showEnvVarsInLog = 0;
		};
		FC7DA9ABFF47D303E3476599 /* [CP] Embed Pods Frameworks */ = {
			isa = PBXShellScriptBuildPhase;
			buildActionMask = 2147483647;
			files = (
			);
			inputPaths = (
			);
			name = "[CP] Embed Pods Frameworks";
			outputPaths = (
			);
			runOnlyForDeploymentPostprocessing = 0;
			shellPath = /bin/sh;
			shellScript = "\"${SRCROOT}/Pods/Target Support Files/Pods-MovieDB/Pods-MovieDB-frameworks.sh\"\n";
			showEnvVarsInLog = 0;
		};
/* End PBXShellScriptBuildPhase section */

/* Begin PBXSourcesBuildPhase section */
		CA61900A1F0442C700805A59 /* Sources */ = {
			isa = PBXSourcesBuildPhase;
			buildActionMask = 2147483647;
			files = (
				CA1D249E1F0D9E0D00E69F96 /* MovieDBManager.swift in Sources */,
				CAF926E71F184CE7008EC410 /* Review.swift in Sources */,
				CAF055011F169210000BB584 /* ActorDBManager.swift in Sources */,
				CA6190141F0442C700805A59 /* ViewController.swift in Sources */,
				CAFB15551F111F6000332131 /* Movie.swift in Sources */,
				CAF66B341F1427AA00A37B26 /* Actor.swift in Sources */,
				CAF66B2E1F13EE0B00A37B26 /* MovieCell.swift in Sources */,
				CAE918131F1052B2005A8071 /* Credit.swift in Sources */,
				CAE9180F1F1040D5005A8071 /* UIButtonX.swift in Sources */,
				CAF054FD1F165E52000BB584 /* UnderlineSegmentedControl.swift in Sources */,
				CA5508F91F103C6C004AEAB0 /* FloatingActionButton.swift in Sources */,
				CA6190121F0442C700805A59 /* AppDelegate.swift in Sources */,
				CAF926E91F185C87008EC410 /* Cast.swift in Sources */,
				CAE918111F10466C005A8071 /* UIViewX.swift in Sources */,
				CAF054FB1F15872C000BB584 /* MovieDetailVC.swift in Sources */,
				CAF66B321F1427A000A37B26 /* Genre.swift in Sources */,
				CAF66B301F14089600A37B26 /* UIImageViewX.swift in Sources */,
				CAFB15581F114D5400332131 /* RoundImageWithShadow.swift in Sources */,
				CA1D24A11F0D9F3D00E69F96 /* Constants.swift in Sources */,
				CAC3C2A41F146B8400584C8C /* SlideFromRight.swift in Sources */,
				CA0650741F1A8F1700AD4CE3 /* MovieDetailCell.swift in Sources */,
			);
			runOnlyForDeploymentPostprocessing = 0;
		};
		CA61901E1F0442C700805A59 /* Sources */ = {
			isa = PBXSourcesBuildPhase;
			buildActionMask = 2147483647;
			files = (
				CA6190271F0442C700805A59 /* MovieDBTests.swift in Sources */,
			);
			runOnlyForDeploymentPostprocessing = 0;
		};
		CA6190291F0442C700805A59 /* Sources */ = {
			isa = PBXSourcesBuildPhase;
			buildActionMask = 2147483647;
			files = (
				CA6190321F0442C700805A59 /* MovieDBUITests.swift in Sources */,
			);
			runOnlyForDeploymentPostprocessing = 0;
		};
/* End PBXSourcesBuildPhase section */

/* Begin PBXTargetDependency section */
		CA6190241F0442C700805A59 /* PBXTargetDependency */ = {
			isa = PBXTargetDependency;
			target = CA61900D1F0442C700805A59 /* MovieDB */;
			targetProxy = CA6190231F0442C700805A59 /* PBXContainerItemProxy */;
		};
		CA61902F1F0442C700805A59 /* PBXTargetDependency */ = {
			isa = PBXTargetDependency;
			target = CA61900D1F0442C700805A59 /* MovieDB */;
			targetProxy = CA61902E1F0442C700805A59 /* PBXContainerItemProxy */;
		};
/* End PBXTargetDependency section */

/* Begin PBXVariantGroup section */
		CA6190151F0442C700805A59 /* Main.storyboard */ = {
			isa = PBXVariantGroup;
			children = (
				CA6190161F0442C700805A59 /* Base */,
			);
			name = Main.storyboard;
			sourceTree = "<group>";
		};
		CA61901A1F0442C700805A59 /* LaunchScreen.storyboard */ = {
			isa = PBXVariantGroup;
			children = (
				CA61901B1F0442C700805A59 /* Base */,
			);
			name = LaunchScreen.storyboard;
			sourceTree = "<group>";
		};
/* End PBXVariantGroup section */

/* Begin XCBuildConfiguration section */
		CA6190341F0442C700805A59 /* Debug */ = {
			isa = XCBuildConfiguration;
			buildSettings = {
				ALWAYS_SEARCH_USER_PATHS = NO;
				CLANG_ANALYZER_NONNULL = YES;
				CLANG_ANALYZER_NUMBER_OBJECT_CONVERSION = YES_AGGRESSIVE;
				CLANG_CXX_LANGUAGE_STANDARD = "gnu++0x";
				CLANG_CXX_LIBRARY = "libc++";
				CLANG_ENABLE_MODULES = YES;
				CLANG_ENABLE_OBJC_ARC = YES;
				CLANG_WARN_BOOL_CONVERSION = YES;
				CLANG_WARN_CONSTANT_CONVERSION = YES;
				CLANG_WARN_DIRECT_OBJC_ISA_USAGE = YES_ERROR;
				CLANG_WARN_DOCUMENTATION_COMMENTS = YES;
				CLANG_WARN_EMPTY_BODY = YES;
				CLANG_WARN_ENUM_CONVERSION = YES;
				CLANG_WARN_INFINITE_RECURSION = YES;
				CLANG_WARN_INT_CONVERSION = YES;
				CLANG_WARN_OBJC_ROOT_CLASS = YES_ERROR;
				CLANG_WARN_SUSPICIOUS_MOVE = YES;
				CLANG_WARN_UNREACHABLE_CODE = YES;
				CLANG_WARN__DUPLICATE_METHOD_MATCH = YES;
				"CODE_SIGN_IDENTITY[sdk=iphoneos*]" = "iPhone Developer";
				COPY_PHASE_STRIP = NO;
				DEBUG_INFORMATION_FORMAT = dwarf;
				ENABLE_STRICT_OBJC_MSGSEND = YES;
				ENABLE_TESTABILITY = YES;
				GCC_C_LANGUAGE_STANDARD = gnu99;
				GCC_DYNAMIC_NO_PIC = NO;
				GCC_NO_COMMON_BLOCKS = YES;
				GCC_OPTIMIZATION_LEVEL = 0;
				GCC_PREPROCESSOR_DEFINITIONS = (
					"DEBUG=1",
					"$(inherited)",
				);
				GCC_WARN_64_TO_32_BIT_CONVERSION = YES;
				GCC_WARN_ABOUT_RETURN_TYPE = YES_ERROR;
				GCC_WARN_UNDECLARED_SELECTOR = YES;
				GCC_WARN_UNINITIALIZED_AUTOS = YES_AGGRESSIVE;
				GCC_WARN_UNUSED_FUNCTION = YES;
				GCC_WARN_UNUSED_VARIABLE = YES;
				IPHONEOS_DEPLOYMENT_TARGET = 10.3;
				MTL_ENABLE_DEBUG_INFO = YES;
				ONLY_ACTIVE_ARCH = YES;
				SDKROOT = iphoneos;
				SWIFT_ACTIVE_COMPILATION_CONDITIONS = DEBUG;
				SWIFT_OPTIMIZATION_LEVEL = "-Onone";
				TARGETED_DEVICE_FAMILY = "1,2";
			};
			name = Debug;
		};
		CA6190351F0442C700805A59 /* Release */ = {
			isa = XCBuildConfiguration;
			buildSettings = {
				ALWAYS_SEARCH_USER_PATHS = NO;
				CLANG_ANALYZER_NONNULL = YES;
				CLANG_ANALYZER_NUMBER_OBJECT_CONVERSION = YES_AGGRESSIVE;
				CLANG_CXX_LANGUAGE_STANDARD = "gnu++0x";
				CLANG_CXX_LIBRARY = "libc++";
				CLANG_ENABLE_MODULES = YES;
				CLANG_ENABLE_OBJC_ARC = YES;
				CLANG_WARN_BOOL_CONVERSION = YES;
				CLANG_WARN_CONSTANT_CONVERSION = YES;
				CLANG_WARN_DIRECT_OBJC_ISA_USAGE = YES_ERROR;
				CLANG_WARN_DOCUMENTATION_COMMENTS = YES;
				CLANG_WARN_EMPTY_BODY = YES;
				CLANG_WARN_ENUM_CONVERSION = YES;
				CLANG_WARN_INFINITE_RECURSION = YES;
				CLANG_WARN_INT_CONVERSION = YES;
				CLANG_WARN_OBJC_ROOT_CLASS = YES_ERROR;
				CLANG_WARN_SUSPICIOUS_MOVE = YES;
				CLANG_WARN_UNREACHABLE_CODE = YES;
				CLANG_WARN__DUPLICATE_METHOD_MATCH = YES;
				"CODE_SIGN_IDENTITY[sdk=iphoneos*]" = "iPhone Developer";
				COPY_PHASE_STRIP = NO;
				DEBUG_INFORMATION_FORMAT = "dwarf-with-dsym";
				ENABLE_NS_ASSERTIONS = NO;
				ENABLE_STRICT_OBJC_MSGSEND = YES;
				GCC_C_LANGUAGE_STANDARD = gnu99;
				GCC_NO_COMMON_BLOCKS = YES;
				GCC_WARN_64_TO_32_BIT_CONVERSION = YES;
				GCC_WARN_ABOUT_RETURN_TYPE = YES_ERROR;
				GCC_WARN_UNDECLARED_SELECTOR = YES;
				GCC_WARN_UNINITIALIZED_AUTOS = YES_AGGRESSIVE;
				GCC_WARN_UNUSED_FUNCTION = YES;
				GCC_WARN_UNUSED_VARIABLE = YES;
				IPHONEOS_DEPLOYMENT_TARGET = 10.3;
				MTL_ENABLE_DEBUG_INFO = NO;
				SDKROOT = iphoneos;
				SWIFT_OPTIMIZATION_LEVEL = "-Owholemodule";
				TARGETED_DEVICE_FAMILY = "1,2";
				VALIDATE_PRODUCT = YES;
			};
			name = Release;
		};
		CA6190371F0442C700805A59 /* Debug */ = {
			isa = XCBuildConfiguration;
			baseConfigurationReference = 1BC8FBB3D317C0212BE095B0 /* Pods-MovieDB.debug.xcconfig */;
			buildSettings = {
				ASSETCATALOG_COMPILER_APPICON_NAME = AppIcon;
				DEVELOPMENT_TEAM = 4TWWRT697R;
				INFOPLIST_FILE = MovieDB/Info.plist;
				LD_RUNPATH_SEARCH_PATHS = "$(inherited) @executable_path/Frameworks";
				PRODUCT_BUNDLE_IDENTIFIER = bbaars.MovieDB;
				PRODUCT_NAME = "$(TARGET_NAME)";
				SWIFT_VERSION = 3.0;
				TARGETED_DEVICE_FAMILY = 1;
			};
			name = Debug;
		};
		CA6190381F0442C700805A59 /* Release */ = {
			isa = XCBuildConfiguration;
			baseConfigurationReference = 72D13C91EF6016D974699005 /* Pods-MovieDB.release.xcconfig */;
			buildSettings = {
				ASSETCATALOG_COMPILER_APPICON_NAME = AppIcon;
				DEVELOPMENT_TEAM = 4TWWRT697R;
				INFOPLIST_FILE = MovieDB/Info.plist;
				LD_RUNPATH_SEARCH_PATHS = "$(inherited) @executable_path/Frameworks";
				PRODUCT_BUNDLE_IDENTIFIER = bbaars.MovieDB;
				PRODUCT_NAME = "$(TARGET_NAME)";
				SWIFT_VERSION = 3.0;
				TARGETED_DEVICE_FAMILY = 1;
			};
			name = Release;
		};
		CA61903A1F0442C700805A59 /* Debug */ = {
			isa = XCBuildConfiguration;
			baseConfigurationReference = 352EC3D7DC4A9CA3A7378209 /* Pods-MovieDBTests.debug.xcconfig */;
			buildSettings = {
				ALWAYS_EMBED_SWIFT_STANDARD_LIBRARIES = YES;
				BUNDLE_LOADER = "$(TEST_HOST)";
				DEVELOPMENT_TEAM = 4TWWRT697R;
				INFOPLIST_FILE = MovieDBTests/Info.plist;
				LD_RUNPATH_SEARCH_PATHS = "$(inherited) @executable_path/Frameworks @loader_path/Frameworks";
				PRODUCT_BUNDLE_IDENTIFIER = bbaars.MovieDBTests;
				PRODUCT_NAME = "$(TARGET_NAME)";
				SWIFT_VERSION = 3.0;
				TEST_HOST = "$(BUILT_PRODUCTS_DIR)/MovieDB.app/MovieDB";
			};
			name = Debug;
		};
		CA61903B1F0442C700805A59 /* Release */ = {
			isa = XCBuildConfiguration;
			baseConfigurationReference = BB02F3636E743F3ADD28498E /* Pods-MovieDBTests.release.xcconfig */;
			buildSettings = {
				ALWAYS_EMBED_SWIFT_STANDARD_LIBRARIES = YES;
				BUNDLE_LOADER = "$(TEST_HOST)";
				DEVELOPMENT_TEAM = 4TWWRT697R;
				INFOPLIST_FILE = MovieDBTests/Info.plist;
				LD_RUNPATH_SEARCH_PATHS = "$(inherited) @executable_path/Frameworks @loader_path/Frameworks";
				PRODUCT_BUNDLE_IDENTIFIER = bbaars.MovieDBTests;
				PRODUCT_NAME = "$(TARGET_NAME)";
				SWIFT_VERSION = 3.0;
				TEST_HOST = "$(BUILT_PRODUCTS_DIR)/MovieDB.app/MovieDB";
			};
			name = Release;
		};
		CA61903D1F0442C700805A59 /* Debug */ = {
			isa = XCBuildConfiguration;
			baseConfigurationReference = FD2326051A0E53BA8BAC769E /* Pods-MovieDBUITests.debug.xcconfig */;
			buildSettings = {
				ALWAYS_EMBED_SWIFT_STANDARD_LIBRARIES = YES;
				DEVELOPMENT_TEAM = 4TWWRT697R;
				INFOPLIST_FILE = MovieDBUITests/Info.plist;
				LD_RUNPATH_SEARCH_PATHS = "$(inherited) @executable_path/Frameworks @loader_path/Frameworks";
				PRODUCT_BUNDLE_IDENTIFIER = bbaars.MovieDBUITests;
				PRODUCT_NAME = "$(TARGET_NAME)";
				SWIFT_VERSION = 3.0;
				TEST_TARGET_NAME = MovieDB;
			};
			name = Debug;
		};
		CA61903E1F0442C700805A59 /* Release */ = {
			isa = XCBuildConfiguration;
			baseConfigurationReference = 8C3C79185D4CB9D09263797F /* Pods-MovieDBUITests.release.xcconfig */;
			buildSettings = {
				ALWAYS_EMBED_SWIFT_STANDARD_LIBRARIES = YES;
				DEVELOPMENT_TEAM = 4TWWRT697R;
				INFOPLIST_FILE = MovieDBUITests/Info.plist;
				LD_RUNPATH_SEARCH_PATHS = "$(inherited) @executable_path/Frameworks @loader_path/Frameworks";
				PRODUCT_BUNDLE_IDENTIFIER = bbaars.MovieDBUITests;
				PRODUCT_NAME = "$(TARGET_NAME)";
				SWIFT_VERSION = 3.0;
				TEST_TARGET_NAME = MovieDB;
			};
			name = Release;
		};
/* End XCBuildConfiguration section */

/* Begin XCConfigurationList section */
		CA6190091F0442C700805A59 /* Build configuration list for PBXProject "MovieDB" */ = {
			isa = XCConfigurationList;
			buildConfigurations = (
				CA6190341F0442C700805A59 /* Debug */,
				CA6190351F0442C700805A59 /* Release */,
			);
			defaultConfigurationIsVisible = 0;
			defaultConfigurationName = Release;
		};
		CA6190361F0442C700805A59 /* Build configuration list for PBXNativeTarget "MovieDB" */ = {
			isa = XCConfigurationList;
			buildConfigurations = (
				CA6190371F0442C700805A59 /* Debug */,
				CA6190381F0442C700805A59 /* Release */,
			);
			defaultConfigurationIsVisible = 0;
			defaultConfigurationName = Release;
		};
		CA6190391F0442C700805A59 /* Build configuration list for PBXNativeTarget "MovieDBTests" */ = {
			isa = XCConfigurationList;
			buildConfigurations = (
				CA61903A1F0442C700805A59 /* Debug */,
				CA61903B1F0442C700805A59 /* Release */,
			);
			defaultConfigurationIsVisible = 0;
			defaultConfigurationName = Release;
		};
		CA61903C1F0442C700805A59 /* Build configuration list for PBXNativeTarget "MovieDBUITests" */ = {
			isa = XCConfigurationList;
			buildConfigurations = (
				CA61903D1F0442C700805A59 /* Debug */,
				CA61903E1F0442C700805A59 /* Release */,
			);
			defaultConfigurationIsVisible = 0;
			defaultConfigurationName = Release;
		};
/* End XCConfigurationList section */
	};
	rootObject = CA6190061F0442C700805A59 /* Project object */;
}
